
Microsoft Visual Studio Solution File, Format Version 12.00
# Visual Studio Version 16
VisualStudioVersion = 16.0.29905.134
MinimumVisualStudioVersion = 10.0.40219.1
Project("{FAE04EC0-301F-11D3-BF4B-00C04F79EFBC}") = "Ups.Api", "Ups.Api\Ups.Api.csproj", "{10380E52-4025-4138-8215-6C53E8A185F4}"
EndProject
Project("{FAE04EC0-301F-11D3-BF4B-00C04F79EFBC}") = "Ups.Business", "Ups.Business\Ups.Business.csproj", "{EEBABE00-AAFA-41B1-A8A5-2DF1F07B067D}"
EndProject
Global
	GlobalSection(SolutionConfigurationPlatforms) = preSolution
		Debug|Any CPU = Debug|Any CPU
		Release|Any CPU = Release|Any CPU
	EndGlobalSection
	GlobalSection(ProjectConfigurationPlatforms) = postSolution
		{10380E52-4025-4138-8215-6C53E8A185F4}.Debug|Any CPU.ActiveCfg = Debug|Any CPU
		{10380E52-4025-4138-8215-6C53E8A185F4}.Debug|Any CPU.Build.0 = Debug|Any CPU
		{10380E52-4025-4138-8215-6C53E8A185F4}.Release|Any CPU.ActiveCfg = Release|Any CPU
		{10380E52-4025-4138-8215-6C53E8A185F4}.Release|Any CPU.Build.0 = Release|Any CPU
		{EEBABE00-AAFA-41B1-A8A5-2DF1F07B067D}.Debug|Any CPU.ActiveCfg = Debug|Any CPU
		{EEBABE00-AAFA-41B1-A8A5-2DF1F07B067D}.Debug|Any CPU.Build.0 = Debug|Any CPU
		{EEBABE00-AAFA-41B1-A8A5-2DF1F07B067D}.Release|Any CPU.ActiveCfg = Release|Any CPU
		{EEBABE00-AAFA-41B1-A8A5-2DF1F07B067D}.Release|Any CPU.Build.0 = Release|Any CPU
	EndGlobalSection
	GlobalSection(SolutionProperties) = preSolution
		HideSolutionNode = FALSE
	EndGlobalSection
	GlobalSection(ExtensibilityGlobals) = postSolution
		SolutionGuid = {456B3B73-1B6E-41B0-A924-684AC5EE016A}
	EndGlobalSection
EndGlobal
